
Microsoft Visual Studio Solution File, Format Version 12.00
# Visual Studio Version 17
VisualStudioVersion = 17.6.33829.357
MinimumVisualStudioVersion = 10.0.40219.1
Project("{9A19103F-16F7-4668-BE54-9A1E7A4F7556}") = "Item-Marketplace.Api", "Item-Marketplace.Api\Item-Marketplace.Api.csproj", "{3BEABFD9-C125-4585-8BD4-EDBB6DF861FA}"
EndProject
Project("{FAE04EC0-301F-11D3-BF4B-00C04F79EFBC}") = "Item-Marketplace.Bll", "Item-Marketplace.Bll\Item-Marketplace.Bll.csproj", "{5921665A-14E3-4700-A0BF-5A76867BE9C9}"
EndProject
Project("{FAE04EC0-301F-11D3-BF4B-00C04F79EFBC}") = "Item-Marketplace.Aplication", "Item-Marketplace.Aplication\Item-Marketplace.Aplication.csproj", "{B21865D7-CF09-4E17-936F-285C7ECA461E}"
EndProject
Project("{FAE04EC0-301F-11D3-BF4B-00C04F79EFBC}") = "Item-Marketplace.Auction.Dal", "Item-Marketplace.Auction.Dal\Item-Marketplace.Auction.Dal.csproj", "{C0551225-38C9-4F2D-9814-0DF63CCB2BB8}"
EndProject
Global
	GlobalSection(SolutionConfigurationPlatforms) = preSolution
		Debug|Any CPU = Debug|Any CPU
		Release|Any CPU = Release|Any CPU
	EndGlobalSection
	GlobalSection(ProjectConfigurationPlatforms) = postSolution
		{3BEABFD9-C125-4585-8BD4-EDBB6DF861FA}.Debug|Any CPU.ActiveCfg = Debug|Any CPU
		{3BEABFD9-C125-4585-8BD4-EDBB6DF861FA}.Debug|Any CPU.Build.0 = Debug|Any CPU
		{3BEABFD9-C125-4585-8BD4-EDBB6DF861FA}.Release|Any CPU.ActiveCfg = Release|Any CPU
		{3BEABFD9-C125-4585-8BD4-EDBB6DF861FA}.Release|Any CPU.Build.0 = Release|Any CPU
		{5921665A-14E3-4700-A0BF-5A76867BE9C9}.Debug|Any CPU.ActiveCfg = Debug|Any CPU
		{5921665A-14E3-4700-A0BF-5A76867BE9C9}.Debug|Any CPU.Build.0 = Debug|Any CPU
		{5921665A-14E3-4700-A0BF-5A76867BE9C9}.Release|Any CPU.ActiveCfg = Release|Any CPU
		{5921665A-14E3-4700-A0BF-5A76867BE9C9}.Release|Any CPU.Build.0 = Release|Any CPU
		{B21865D7-CF09-4E17-936F-285C7ECA461E}.Debug|Any CPU.ActiveCfg = Debug|Any CPU
		{B21865D7-CF09-4E17-936F-285C7ECA461E}.Debug|Any CPU.Build.0 = Debug|Any CPU
		{B21865D7-CF09-4E17-936F-285C7ECA461E}.Release|Any CPU.ActiveCfg = Release|Any CPU
		{B21865D7-CF09-4E17-936F-285C7ECA461E}.Release|Any CPU.Build.0 = Release|Any CPU
		{C0551225-38C9-4F2D-9814-0DF63CCB2BB8}.Debug|Any CPU.ActiveCfg = Debug|Any CPU
		{C0551225-38C9-4F2D-9814-0DF63CCB2BB8}.Debug|Any CPU.Build.0 = Debug|Any CPU
		{C0551225-38C9-4F2D-9814-0DF63CCB2BB8}.Release|Any CPU.ActiveCfg = Release|Any CPU
		{C0551225-38C9-4F2D-9814-0DF63CCB2BB8}.Release|Any CPU.Build.0 = Release|Any CPU
	EndGlobalSection
	GlobalSection(SolutionProperties) = preSolution
		HideSolutionNode = FALSE
	EndGlobalSection
	GlobalSection(ExtensibilityGlobals) = postSolution
		SolutionGuid = {6472316A-AAC7-4B34-B259-9834465EAFE7}
	EndGlobalSection
EndGlobal
